
Microsoft Visual Studio Solution File, Format Version 11.00
# Visual Studio 2010
Project("{FAE04EC0-301F-11D3-BF4B-00C04F79EFBC}") = "Assembly-CSharp", "Assembly-CSharp.csproj", "{EA3C1984-AD60-A2E1-0C5B-7BFA85EC5EC3}"
EndProject
Project("{FAE04EC0-301F-11D3-BF4B-00C04F79EFBC}") = "Oculus.VR", "Oculus.VR.csproj", "{58636272-DB31-8227-8B8B-422C1022D90E}"
EndProject
Project("{FAE04EC0-301F-11D3-BF4B-00C04F79EFBC}") = "Assembly-CSharp-Editor", "Assembly-CSharp-Editor.csproj", "{5887D673-74D9-316B-2CD4-A1257EE9DD11}"
EndProject
Project("{FAE04EC0-301F-11D3-BF4B-00C04F79EFBC}") = "Oculus.VR.Scripts.Editor", "Oculus.VR.Scripts.Editor.csproj", "{59735A6B-9D68-DD96-EF9C-85124D33DF5B}"
EndProject
Project("{FAE04EC0-301F-11D3-BF4B-00C04F79EFBC}") = "Oculus.VR.Editor", "Oculus.VR.Editor.csproj", "{878AC2A1-FBE0-BD79-8B57-4B696C77F440}"
EndProject
Global
	GlobalSection(SolutionConfigurationPlatforms) = preSolution
		Debug|Any CPU = Debug|Any CPU
		Release|Any CPU = Release|Any CPU
	EndGlobalSection
	GlobalSection(ProjectConfigurationPlatforms) = postSolution
		{EA3C1984-AD60-A2E1-0C5B-7BFA85EC5EC3}.Debug|Any CPU.ActiveCfg = Debug|Any CPU
		{EA3C1984-AD60-A2E1-0C5B-7BFA85EC5EC3}.Debug|Any CPU.Build.0 = Debug|Any CPU
		{EA3C1984-AD60-A2E1-0C5B-7BFA85EC5EC3}.Release|Any CPU.ActiveCfg = Release|Any CPU
		{EA3C1984-AD60-A2E1-0C5B-7BFA85EC5EC3}.Release|Any CPU.Build.0 = Release|Any CPU
		{58636272-DB31-8227-8B8B-422C1022D90E}.Debug|Any CPU.ActiveCfg = Debug|Any CPU
		{58636272-DB31-8227-8B8B-422C1022D90E}.Debug|Any CPU.Build.0 = Debug|Any CPU
		{58636272-DB31-8227-8B8B-422C1022D90E}.Release|Any CPU.ActiveCfg = Release|Any CPU
		{58636272-DB31-8227-8B8B-422C1022D90E}.Release|Any CPU.Build.0 = Release|Any CPU
		{5887D673-74D9-316B-2CD4-A1257EE9DD11}.Debug|Any CPU.ActiveCfg = Debug|Any CPU
		{5887D673-74D9-316B-2CD4-A1257EE9DD11}.Debug|Any CPU.Build.0 = Debug|Any CPU
		{5887D673-74D9-316B-2CD4-A1257EE9DD11}.Release|Any CPU.ActiveCfg = Release|Any CPU
		{5887D673-74D9-316B-2CD4-A1257EE9DD11}.Release|Any CPU.Build.0 = Release|Any CPU
		{59735A6B-9D68-DD96-EF9C-85124D33DF5B}.Debug|Any CPU.ActiveCfg = Debug|Any CPU
		{59735A6B-9D68-DD96-EF9C-85124D33DF5B}.Debug|Any CPU.Build.0 = Debug|Any CPU
		{59735A6B-9D68-DD96-EF9C-85124D33DF5B}.Release|Any CPU.ActiveCfg = Release|Any CPU
		{59735A6B-9D68-DD96-EF9C-85124D33DF5B}.Release|Any CPU.Build.0 = Release|Any CPU
		{878AC2A1-FBE0-BD79-8B57-4B696C77F440}.Debug|Any CPU.ActiveCfg = Debug|Any CPU
		{878AC2A1-FBE0-BD79-8B57-4B696C77F440}.Debug|Any CPU.Build.0 = Debug|Any CPU
		{878AC2A1-FBE0-BD79-8B57-4B696C77F440}.Release|Any CPU.ActiveCfg = Release|Any CPU
		{878AC2A1-FBE0-BD79-8B57-4B696C77F440}.Release|Any CPU.Build.0 = Release|Any CPU
	EndGlobalSection
	GlobalSection(SolutionProperties) = preSolution
		HideSolutionNode = FALSE
	EndGlobalSection
	GlobalSection(MonoDevelopProperties) = preSolution
		StartupItem = Assembly-CSharp.csproj
	EndGlobalSection
EndGlobal
